// !$*UTF8*$!
{
	archiveVersion = 1;
	classes = {
	};
	objectVersion = 48;
	objects = {

/* Begin PBXBuildFile section */
		451FBD832050C83200645C9F /* AppDelegate.swift in Sources */ = {isa = PBXBuildFile; fileRef = 451FBD822050C83200645C9F /* AppDelegate.swift */; };
		451FBD852050C83200645C9F /* MasterViewController.swift in Sources */ = {isa = PBXBuildFile; fileRef = 451FBD842050C83200645C9F /* MasterViewController.swift */; };
		451FBD872050C83200645C9F /* DetailViewController.swift in Sources */ = {isa = PBXBuildFile; fileRef = 451FBD862050C83200645C9F /* DetailViewController.swift */; };
		451FBD8A2050C83200645C9F /* Main.storyboard in Resources */ = {isa = PBXBuildFile; fileRef = 451FBD882050C83200645C9F /* Main.storyboard */; };
		451FBD8C2050C83200645C9F /* Assets.xcassets in Resources */ = {isa = PBXBuildFile; fileRef = 451FBD8B2050C83200645C9F /* Assets.xcassets */; };
		451FBD8F2050C83200645C9F /* LaunchScreen.storyboard in Resources */ = {isa = PBXBuildFile; fileRef = 451FBD8D2050C83200645C9F /* LaunchScreen.storyboard */; };
		451FBD972050CBC400645C9F /* harrypotter2.plist in Resources */ = {isa = PBXBuildFile; fileRef = 451FBD962050CBC400645C9F /* harrypotter2.plist */; };
/* End PBXBuildFile section */

/* Begin PBXFileReference section */
		451FBD7F2050C83200645C9F /* Lab3_extracredit.app */ = {isa = PBXFileReference; explicitFileType = wrapper.application; includeInIndex = 0; path = Lab3_extracredit.app; sourceTree = BUILT_PRODUCTS_DIR; };
		451FBD822050C83200645C9F /* AppDelegate.swift */ = {isa = PBXFileReference; lastKnownFileType = sourcecode.swift; path = AppDelegate.swift; sourceTree = "<group>"; };
		451FBD842050C83200645C9F /* MasterViewController.swift */ = {isa = PBXFileReference; lastKnownFileType = sourcecode.swift; path = MasterViewController.swift; sourceTree = "<group>"; };
		451FBD862050C83200645C9F /* DetailViewController.swift */ = {isa = PBXFileReference; lastKnownFileType = sourcecode.swift; path = DetailViewController.swift; sourceTree = "<group>"; };
		451FBD892050C83200645C9F /* Base */ = {isa = PBXFileReference; lastKnownFileType = file.storyboard; name = Base; path = Base.lproj/Main.storyboard; sourceTree = "<group>"; };
		451FBD8B2050C83200645C9F /* Assets.xcassets */ = {isa = PBXFileReference; lastKnownFileType = folder.assetcatalog; path = Assets.xcassets; sourceTree = "<group>"; };
		451FBD8E2050C83200645C9F /* Base */ = {isa = PBXFileReference; lastKnownFileType = file.storyboard; name = Base; path = Base.lproj/LaunchScreen.storyboard; sourceTree = "<group>"; };
		451FBD902050C83200645C9F /* Info.plist */ = {isa = PBXFileReference; lastKnownFileType = text.plist.xml; path = Info.plist; sourceTree = "<group>"; };
		451FBD962050CBC400645C9F /* harrypotter2.plist */ = {isa = PBXFileReference; fileEncoding = 4; lastKnownFileType = text.plist.xml; path = harrypotter2.plist; sourceTree = "<group>"; };
/* End PBXFileReference section */

/* Begin PBXFrameworksBuildPhase section */
		451FBD7C2050C83200645C9F /* Frameworks */ = {
			isa = PBXFrameworksBuildPhase;
			buildActionMask = 2147483647;
			files = (
			);
			runOnlyForDeploymentPostprocessing = 0;
		};
/* End PBXFrameworksBuildPhase section */

/* Begin PBXGroup section */
		451FBD762050C83200645C9F = {
			isa = PBXGroup;
			children = (
				451FBD812050C83200645C9F /* Lab3_extracredit */,
				451FBD802050C83200645C9F /* Products */,
			);
			sourceTree = "<group>";
		};
		451FBD802050C83200645C9F /* Products */ = {
			isa = PBXGroup;
			children = (
				451FBD7F2050C83200645C9F /* Lab3_extracredit.app */,
			);
			name = Products;
			sourceTree = "<group>";
		};
		451FBD812050C83200645C9F /* Lab3_extracredit */ = {
			isa = PBXGroup;
			children = (
				451FBD962050CBC400645C9F /* harrypotter2.plist */,
				451FBD822050C83200645C9F /* AppDelegate.swift */,
				451FBD842050C83200645C9F /* MasterViewController.swift */,
				451FBD862050C83200645C9F /* DetailViewController.swift */,
				451FBD882050C83200645C9F /* Main.storyboard */,
				451FBD8B2050C83200645C9F /* Assets.xcassets */,
				451FBD8D2050C83200645C9F /* LaunchScreen.storyboard */,
				451FBD902050C83200645C9F /* Info.plist */,
			);
			path = Lab3_extracredit;
			sourceTree = "<group>";
		};
/* End PBXGroup section */

/* Begin PBXNativeTarget section */
		451FBD7E2050C83200645C9F /* Lab3_extracredit */ = {
			isa = PBXNativeTarget;
			buildConfigurationList = 451FBD932050C83200645C9F /* Build configuration list for PBXNativeTarget "Lab3_extracredit" */;
			buildPhases = (
				451FBD7B2050C83200645C9F /* Sources */,
				451FBD7C2050C83200645C9F /* Frameworks */,
				451FBD7D2050C83200645C9F /* Resources */,
			);
			buildRules = (
			);
			dependencies = (
			);
			name = Lab3_extracredit;
			productName = Lab3_extracredit;
			productReference = 451FBD7F2050C83200645C9F /* Lab3_extracredit.app */;
			productType = "com.apple.product-type.application";
		};
/* End PBXNativeTarget section */

/* Begin PBXProject section */
		451FBD772050C83200645C9F /* Project object */ = {
			isa = PBXProject;
			attributes = {
				LastSwiftUpdateCheck = 0920;
				LastUpgradeCheck = 0920;
				ORGANIZATIONNAME = "Maitri Chattopadhyay";
				TargetAttributes = {
					451FBD7E2050C83200645C9F = {
						CreatedOnToolsVersion = 9.2;
						ProvisioningStyle = Automatic;
					};
				};
			};
			buildConfigurationList = 451FBD7A2050C83200645C9F /* Build configuration list for PBXProject "Lab3_extracredit" */;
			compatibilityVersion = "Xcode 8.0";
			developmentRegion = en;
			hasScannedForEncodings = 0;
			knownRegions = (
				en,
				Base,
			);
			mainGroup = 451FBD762050C83200645C9F;
			productRefGroup = 451FBD802050C83200645C9F /* Products */;
			projectDirPath = "";
			projectRoot = "";
			targets = (
				451FBD7E2050C83200645C9F /* Lab3_extracredit */,
			);
		};
/* End PBXProject section */

/* Begin PBXResourcesBuildPhase section */
		451FBD7D2050C83200645C9F /* Resources */ = {
			isa = PBXResourcesBuildPhase;
			buildActionMask = 2147483647;
			files = (
				451FBD8F2050C83200645C9F /* LaunchScreen.storyboard in Resources */,
				451FBD8C2050C83200645C9F /* Assets.xcassets in Resources */,
				451FBD972050CBC400645C9F /* harrypotter2.plist in Resources */,
				451FBD8A2050C83200645C9F /* Main.storyboard in Resources */,
			);
			runOnlyForDeploymentPostprocessing = 0;
		};
/* End PBXResourcesBuildPhase section */

/* Begin PBXSourcesBuildPhase section */
		451FBD7B2050C83200645C9F /* Sources */ = {
			isa = PBXSourcesBuildPhase;
			buildActionMask = 2147483647;
			files = (
				451FBD872050C83200645C9F /* DetailViewController.swift in Sources */,
				451FBD852050C83200645C9F /* MasterViewController.swift in Sources */,
				451FBD832050C83200645C9F /* AppDelegate.swift in Sources */,
			);
			runOnlyForDeploymentPostprocessing = 0;
		};
/* End PBXSourcesBuildPhase section */

/* Begin PBXVariantGroup section */
		451FBD882050C83200645C9F /* Main.storyboard */ = {
			isa = PBXVariantGroup;
			children = (
				451FBD892050C83200645C9F /* Base */,
			);
			name = Main.storyboard;
			sourceTree = "<group>";
		};
		451FBD8D2050C83200645C9F /* LaunchScreen.storyboard */ = {
			isa = PBXVariantGroup;
			children = (
				451FBD8E2050C83200645C9F /* Base */,
			);
			name = LaunchScreen.storyboard;
			sourceTree = "<group>";
		};
/* End PBXVariantGroup section */

/* Begin XCBuildConfiguration section */
		451FBD912050C83200645C9F /* Debug */ = {
			isa = XCBuildConfiguration;
			buildSettings = {
				ALWAYS_SEARCH_USER_PATHS = NO;
				CLANG_ANALYZER_NONNULL = YES;
				CLANG_ANALYZER_NUMBER_OBJECT_CONVERSION = YES_AGGRESSIVE;
				CLANG_CXX_LANGUAGE_STANDARD = "gnu++14";
				CLANG_CXX_LIBRARY = "libc++";
				CLANG_ENABLE_MODULES = YES;
				CLANG_ENABLE_OBJC_ARC = YES;
				CLANG_WARN_BLOCK_CAPTURE_AUTORELEASING = YES;
				CLANG_WARN_BOOL_CONVERSION = YES;
				CLANG_WARN_COMMA = YES;
				CLANG_WARN_CONSTANT_CONVERSION = YES;
				CLANG_WARN_DIRECT_OBJC_ISA_USAGE = YES_ERROR;
				CLANG_WARN_DOCUMENTATION_COMMENTS = YES;
				CLANG_WARN_EMPTY_BODY = YES;
				CLANG_WARN_ENUM_CONVERSION = YES;
				CLANG_WARN_INFINITE_RECURSION = YES;
				CLANG_WARN_INT_CONVERSION = YES;
				CLANG_WARN_NON_LITERAL_NULL_CONVERSION = YES;
				CLANG_WARN_OBJC_LITERAL_CONVERSION = YES;
				CLANG_WARN_OBJC_ROOT_CLASS = YES_ERROR;
				CLANG_WARN_RANGE_LOOP_ANALYSIS = YES;
				CLANG_WARN_STRICT_PROTOTYPES = YES;
				CLANG_WARN_SUSPICIOUS_MOVE = YES;
				CLANG_WARN_UNGUARDED_AVAILABILITY = YES_AGGRESSIVE;
				CLANG_WARN_UNREACHABLE_CODE = YES;
				CLANG_WARN__DUPLICATE_METHOD_MATCH = YES;
				CODE_SIGN_IDENTITY = "iPhone Developer";
				COPY_PHASE_STRIP = NO;
				DEBUG_INFORMATION_FORMAT = dwarf;
				ENABLE_STRICT_OBJC_MSGSEND = YES;
				ENABLE_TESTABILITY = YES;
				GCC_C_LANGUAGE_STANDARD = gnu11;
				GCC_DYNAMIC_NO_PIC = NO;
				GCC_NO_COMMON_BLOCKS = YES;
				GCC_OPTIMIZATION_LEVEL = 0;
				GCC_PREPROCESSOR_DEFINITIONS = (
					"DEBUG=1",
					"$(inherited)",
				);
				GCC_WARN_64_TO_32_BIT_CONVERSION = YES;
				GCC_WARN_ABOUT_RETURN_TYPE = YES_ERROR;
				GCC_WARN_UNDECLARED_SELECTOR = YES;
				GCC_WARN_UNINITIALIZED_AUTOS = YES_AGGRESSIVE;
				GCC_WARN_UNUSED_FUNCTION = YES;
				GCC_WARN_UNUSED_VARIABLE = YES;
				IPHONEOS_DEPLOYMENT_TARGET = 11.2;
				MTL_ENABLE_DEBUG_INFO = YES;
				ONLY_ACTIVE_ARCH = YES;
				SDKROOT = iphoneos;
				SWIFT_ACTIVE_COMPILATION_CONDITIONS = DEBUG;
				SWIFT_OPTIMIZATION_LEVEL = "-Onone";
			};
			name = Debug;
		};
		451FBD922050C83200645C9F /* Release */ = {
			isa = XCBuildConfiguration;
			buildSettings = {
				ALWAYS_SEARCH_USER_PATHS = NO;
				CLANG_ANALYZER_NONNULL = YES;
				CLANG_ANALYZER_NUMBER_OBJECT_CONVERSION = YES_AGGRESSIVE;
				CLANG_CXX_LANGUAGE_STANDARD = "gnu++14";
				CLANG_CXX_LIBRARY = "libc++";
				CLANG_ENABLE_MODULES = YES;
				CLANG_ENABLE_OBJC_ARC = YES;
				CLANG_WARN_BLOCK_CAPTURE_AUTORELEASING = YES;
				CLANG_WARN_BOOL_CONVERSION = YES;
				CLANG_WARN_COMMA = YES;
				CLANG_WARN_CONSTANT_CONVERSION = YES;
				CLANG_WARN_DIRECT_OBJC_ISA_USAGE = YES_ERROR;
				CLANG_WARN_DOCUMENTATION_COMMENTS = YES;
				CLANG_WARN_EMPTY_BODY = YES;
				CLANG_WARN_ENUM_CONVERSION = YES;
				CLANG_WARN_INFINITE_RECURSION = YES;
				CLANG_WARN_INT_CONVERSION = YES;
				CLANG_WARN_NON_LITERAL_NULL_CONVERSION = YES;
				CLANG_WARN_OBJC_LITERAL_CONVERSION = YES;
				CLANG_WARN_OBJC_ROOT_CLASS = YES_ERROR;
				CLANG_WARN_RANGE_LOOP_ANALYSIS = YES;
				CLANG_WARN_STRICT_PROTOTYPES = YES;
				CLANG_WARN_SUSPICIOUS_MOVE = YES;
				CLANG_WARN_UNGUARDED_AVAILABILITY = YES_AGGRESSIVE;
				CLANG_WARN_UNREACHABLE_CODE = YES;
				CLANG_WARN__DUPLICATE_METHOD_MATCH = YES;
				CODE_SIGN_IDENTITY = "iPhone Developer";
				COPY_PHASE_STRIP = NO;
				DEBUG_INFORMATION_FORMAT = "dwarf-with-dsym";
				ENABLE_NS_ASSERTIONS = NO;
				ENABLE_STRICT_OBJC_MSGSEND = YES;
				GCC_C_LANGUAGE_STANDARD = gnu11;
				GCC_NO_COMMON_BLOCKS = YES;
				GCC_WARN_64_TO_32_BIT_CONVERSION = YES;
				GCC_WARN_ABOUT_RETURN_TYPE = YES_ERROR;
				GCC_WARN_UNDECLARED_SELECTOR = YES;
				GCC_WARN_UNINITIALIZED_AUTOS = YES_AGGRESSIVE;
				GCC_WARN_UNUSED_FUNCTION = YES;
				GCC_WARN_UNUSED_VARIABLE = YES;
				IPHONEOS_DEPLOYMENT_TARGET = 11.2;
				MTL_ENABLE_DEBUG_INFO = NO;
				SDKROOT = iphoneos;
				SWIFT_OPTIMIZATION_LEVEL = "-Owholemodule";
				VALIDATE_PRODUCT = YES;
			};
			name = Release;
		};
		451FBD942050C83200645C9F /* Debug */ = {
			isa = XCBuildConfiguration;
			buildSettings = {
				ASSETCATALOG_COMPILER_APPICON_NAME = AppIcon;
				CODE_SIGN_STYLE = Automatic;
				INFOPLIST_FILE = Lab3_extracredit/Info.plist;
				LD_RUNPATH_SEARCH_PATHS = "$(inherited) @executable_path/Frameworks";
				PRODUCT_BUNDLE_IDENTIFIER = "maitri.Lab3-extracredit";
				PRODUCT_NAME = "$(TARGET_NAME)";
				SWIFT_VERSION = 4.0;
				TARGETED_DEVICE_FAMILY = "1,2";
			};
			name = Debug;
		};
		451FBD952050C83200645C9F /* Release */ = {
			isa = XCBuildConfiguration;
			buildSettings = {
				ASSETCATALOG_COMPILER_APPICON_NAME = AppIcon;
				CODE_SIGN_STYLE = Automatic;
				INFOPLIST_FILE = Lab3_extracredit/Info.plist;
				LD_RUNPATH_SEARCH_PATHS = "$(inherited) @executable_path/Frameworks";
				PRODUCT_BUNDLE_IDENTIFIER = "maitri.Lab3-extracredit";
				PRODUCT_NAME = "$(TARGET_NAME)";
				SWIFT_VERSION = 4.0;
				TARGETED_DEVICE_FAMILY = "1,2";
			};
			name = Release;
		};
/* End XCBuildConfiguration section */

/* Begin XCConfigurationList section */
		451FBD7A2050C83200645C9F /* Build configuration list for PBXProject "Lab3_extracredit" */ = {
			isa = XCConfigurationList;
			buildConfigurations = (
				451FBD912050C83200645C9F /* Debug */,
				451FBD922050C83200645C9F /* Release */,
			);
			defaultConfigurationIsVisible = 0;
			defaultConfigurationName = Release;
		};
		451FBD932050C83200645C9F /* Build configuration list for PBXNativeTarget "Lab3_extracredit" */ = {
			isa = XCConfigurationList;
			buildConfigurations = (
				451FBD942050C83200645C9F /* Debug */,
				451FBD952050C83200645C9F /* Release */,
			);
			defaultConfigurationIsVisible = 0;
			defaultConfigurationName = Release;
		};
/* End XCConfigurationList section */
	};
	rootObject = 451FBD772050C83200645C9F /* Project object */;
}
