// !$*UTF8*$!
{
	archiveVersion = 1;
	classes = {
	};
	objectVersion = 48;
	objects = {

/* Begin PBXBuildFile section */
		451540652043ADB500809098 /* AppDelegate.swift in Sources */ = {isa = PBXBuildFile; fileRef = 451540642043ADB500809098 /* AppDelegate.swift */; };
		451540672043ADB500809098 /* MasterViewController.swift in Sources */ = {isa = PBXBuildFile; fileRef = 451540662043ADB500809098 /* MasterViewController.swift */; };
		451540692043ADB500809098 /* DetailViewController.swift in Sources */ = {isa = PBXBuildFile; fileRef = 451540682043ADB500809098 /* DetailViewController.swift */; };
		4515406C2043ADB500809098 /* Main.storyboard in Resources */ = {isa = PBXBuildFile; fileRef = 4515406A2043ADB500809098 /* Main.storyboard */; };
		4515406E2043ADB500809098 /* Assets.xcassets in Resources */ = {isa = PBXBuildFile; fileRef = 4515406D2043ADB500809098 /* Assets.xcassets */; };
		451540712043ADB500809098 /* LaunchScreen.storyboard in Resources */ = {isa = PBXBuildFile; fileRef = 4515406F2043ADB500809098 /* LaunchScreen.storyboard */; };
		451540792043B03500809098 /* petetion.swift in Sources */ = {isa = PBXBuildFile; fileRef = 451540782043B03500809098 /* petetion.swift */; };
/* End PBXBuildFile section */

/* Begin PBXFileReference section */
		451540612043ADB500809098 /* Lab4_1.0.app */ = {isa = PBXFileReference; explicitFileType = wrapper.application; includeInIndex = 0; path = Lab4_1.0.app; sourceTree = BUILT_PRODUCTS_DIR; };
		451540642043ADB500809098 /* AppDelegate.swift */ = {isa = PBXFileReference; lastKnownFileType = sourcecode.swift; path = AppDelegate.swift; sourceTree = "<group>"; };
		451540662043ADB500809098 /* MasterViewController.swift */ = {isa = PBXFileReference; lastKnownFileType = sourcecode.swift; path = MasterViewController.swift; sourceTree = "<group>"; };
		451540682043ADB500809098 /* DetailViewController.swift */ = {isa = PBXFileReference; lastKnownFileType = sourcecode.swift; path = DetailViewController.swift; sourceTree = "<group>"; };
		4515406B2043ADB500809098 /* Base */ = {isa = PBXFileReference; lastKnownFileType = file.storyboard; name = Base; path = Base.lproj/Main.storyboard; sourceTree = "<group>"; };
		4515406D2043ADB500809098 /* Assets.xcassets */ = {isa = PBXFileReference; lastKnownFileType = folder.assetcatalog; path = Assets.xcassets; sourceTree = "<group>"; };
		451540702043ADB500809098 /* Base */ = {isa = PBXFileReference; lastKnownFileType = file.storyboard; name = Base; path = Base.lproj/LaunchScreen.storyboard; sourceTree = "<group>"; };
		451540722043ADB500809098 /* Info.plist */ = {isa = PBXFileReference; lastKnownFileType = text.plist.xml; path = Info.plist; sourceTree = "<group>"; };
		451540782043B03500809098 /* petetion.swift */ = {isa = PBXFileReference; lastKnownFileType = sourcecode.swift; path = petetion.swift; sourceTree = "<group>"; };
/* End PBXFileReference section */

/* Begin PBXFrameworksBuildPhase section */
		4515405E2043ADB500809098 /* Frameworks */ = {
			isa = PBXFrameworksBuildPhase;
			buildActionMask = 2147483647;
			files = (
			);
			runOnlyForDeploymentPostprocessing = 0;
		};
/* End PBXFrameworksBuildPhase section */

/* Begin PBXGroup section */
		451540582043ADB500809098 = {
			isa = PBXGroup;
			children = (
				451540632043ADB500809098 /* Lab4_1.0 */,
				451540622043ADB500809098 /* Products */,
			);
			sourceTree = "<group>";
		};
		451540622043ADB500809098 /* Products */ = {
			isa = PBXGroup;
			children = (
				451540612043ADB500809098 /* Lab4_1.0.app */,
			);
			name = Products;
			sourceTree = "<group>";
		};
		451540632043ADB500809098 /* Lab4_1.0 */ = {
			isa = PBXGroup;
			children = (
				451540642043ADB500809098 /* AppDelegate.swift */,
				451540662043ADB500809098 /* MasterViewController.swift */,
				451540782043B03500809098 /* petetion.swift */,
				451540682043ADB500809098 /* DetailViewController.swift */,
				4515406A2043ADB500809098 /* Main.storyboard */,
				4515406D2043ADB500809098 /* Assets.xcassets */,
				4515406F2043ADB500809098 /* LaunchScreen.storyboard */,
				451540722043ADB500809098 /* Info.plist */,
			);
			path = Lab4_1.0;
			sourceTree = "<group>";
		};
/* End PBXGroup section */

/* Begin PBXNativeTarget section */
		451540602043ADB500809098 /* Lab4_1.0 */ = {
			isa = PBXNativeTarget;
			buildConfigurationList = 451540752043ADB500809098 /* Build configuration list for PBXNativeTarget "Lab4_1.0" */;
			buildPhases = (
				4515405D2043ADB500809098 /* Sources */,
				4515405E2043ADB500809098 /* Frameworks */,
				4515405F2043ADB500809098 /* Resources */,
			);
			buildRules = (
			);
			dependencies = (
			);
			name = Lab4_1.0;
			productName = Lab4_1.0;
			productReference = 451540612043ADB500809098 /* Lab4_1.0.app */;
			productType = "com.apple.product-type.application";
		};
/* End PBXNativeTarget section */

/* Begin PBXProject section */
		451540592043ADB500809098 /* Project object */ = {
			isa = PBXProject;
			attributes = {
				LastSwiftUpdateCheck = 0920;
				LastUpgradeCheck = 0920;
				ORGANIZATIONNAME = "Maitri Chattopadhyay";
				TargetAttributes = {
					451540602043ADB500809098 = {
						CreatedOnToolsVersion = 9.2;
						ProvisioningStyle = Automatic;
					};
				};
			};
			buildConfigurationList = 4515405C2043ADB500809098 /* Build configuration list for PBXProject "Lab4_1.0" */;
			compatibilityVersion = "Xcode 8.0";
			developmentRegion = en;
			hasScannedForEncodings = 0;
			knownRegions = (
				en,
				Base,
			);
			mainGroup = 451540582043ADB500809098;
			productRefGroup = 451540622043ADB500809098 /* Products */;
			projectDirPath = "";
			projectRoot = "";
			targets = (
				451540602043ADB500809098 /* Lab4_1.0 */,
			);
		};
/* End PBXProject section */

/* Begin PBXResourcesBuildPhase section */
		4515405F2043ADB500809098 /* Resources */ = {
			isa = PBXResourcesBuildPhase;
			buildActionMask = 2147483647;
			files = (
				451540712043ADB500809098 /* LaunchScreen.storyboard in Resources */,
				4515406E2043ADB500809098 /* Assets.xcassets in Resources */,
				4515406C2043ADB500809098 /* Main.storyboard in Resources */,
			);
			runOnlyForDeploymentPostprocessing = 0;
		};
/* End PBXResourcesBuildPhase section */

/* Begin PBXSourcesBuildPhase section */
		4515405D2043ADB500809098 /* Sources */ = {
			isa = PBXSourcesBuildPhase;
			buildActionMask = 2147483647;
			files = (
				451540692043ADB500809098 /* DetailViewController.swift in Sources */,
				451540792043B03500809098 /* petetion.swift in Sources */,
				451540672043ADB500809098 /* MasterViewController.swift in Sources */,
				451540652043ADB500809098 /* AppDelegate.swift in Sources */,
			);
			runOnlyForDeploymentPostprocessing = 0;
		};
/* End PBXSourcesBuildPhase section */

/* Begin PBXVariantGroup section */
		4515406A2043ADB500809098 /* Main.storyboard */ = {
			isa = PBXVariantGroup;
			children = (
				4515406B2043ADB500809098 /* Base */,
			);
			name = Main.storyboard;
			sourceTree = "<group>";
		};
		4515406F2043ADB500809098 /* LaunchScreen.storyboard */ = {
			isa = PBXVariantGroup;
			children = (
				451540702043ADB500809098 /* Base */,
			);
			name = LaunchScreen.storyboard;
			sourceTree = "<group>";
		};
/* End PBXVariantGroup section */

/* Begin XCBuildConfiguration section */
		451540732043ADB500809098 /* Debug */ = {
			isa = XCBuildConfiguration;
			buildSettings = {
				ALWAYS_SEARCH_USER_PATHS = NO;
				CLANG_ANALYZER_NONNULL = YES;
				CLANG_ANALYZER_NUMBER_OBJECT_CONVERSION = YES_AGGRESSIVE;
				CLANG_CXX_LANGUAGE_STANDARD = "gnu++14";
				CLANG_CXX_LIBRARY = "libc++";
				CLANG_ENABLE_MODULES = YES;
				CLANG_ENABLE_OBJC_ARC = YES;
				CLANG_WARN_BLOCK_CAPTURE_AUTORELEASING = YES;
				CLANG_WARN_BOOL_CONVERSION = YES;
				CLANG_WARN_COMMA = YES;
				CLANG_WARN_CONSTANT_CONVERSION = YES;
				CLANG_WARN_DIRECT_OBJC_ISA_USAGE = YES_ERROR;
				CLANG_WARN_DOCUMENTATION_COMMENTS = YES;
				CLANG_WARN_EMPTY_BODY = YES;
				CLANG_WARN_ENUM_CONVERSION = YES;
				CLANG_WARN_INFINITE_RECURSION = YES;
				CLANG_WARN_INT_CONVERSION = YES;
				CLANG_WARN_NON_LITERAL_NULL_CONVERSION = YES;
				CLANG_WARN_OBJC_LITERAL_CONVERSION = YES;
				CLANG_WARN_OBJC_ROOT_CLASS = YES_ERROR;
				CLANG_WARN_RANGE_LOOP_ANALYSIS = YES;
				CLANG_WARN_STRICT_PROTOTYPES = YES;
				CLANG_WARN_SUSPICIOUS_MOVE = YES;
				CLANG_WARN_UNGUARDED_AVAILABILITY = YES_AGGRESSIVE;
				CLANG_WARN_UNREACHABLE_CODE = YES;
				CLANG_WARN__DUPLICATE_METHOD_MATCH = YES;
				CODE_SIGN_IDENTITY = "iPhone Developer";
				COPY_PHASE_STRIP = NO;
				DEBUG_INFORMATION_FORMAT = dwarf;
				ENABLE_STRICT_OBJC_MSGSEND = YES;
				ENABLE_TESTABILITY = YES;
				GCC_C_LANGUAGE_STANDARD = gnu11;
				GCC_DYNAMIC_NO_PIC = NO;
				GCC_NO_COMMON_BLOCKS = YES;
				GCC_OPTIMIZATION_LEVEL = 0;
				GCC_PREPROCESSOR_DEFINITIONS = (
					"DEBUG=1",
					"$(inherited)",
				);
				GCC_WARN_64_TO_32_BIT_CONVERSION = YES;
				GCC_WARN_ABOUT_RETURN_TYPE = YES_ERROR;
				GCC_WARN_UNDECLARED_SELECTOR = YES;
				GCC_WARN_UNINITIALIZED_AUTOS = YES_AGGRESSIVE;
				GCC_WARN_UNUSED_FUNCTION = YES;
				GCC_WARN_UNUSED_VARIABLE = YES;
				IPHONEOS_DEPLOYMENT_TARGET = 11.2;
				MTL_ENABLE_DEBUG_INFO = YES;
				ONLY_ACTIVE_ARCH = YES;
				SDKROOT = iphoneos;
				SWIFT_ACTIVE_COMPILATION_CONDITIONS = DEBUG;
				SWIFT_OPTIMIZATION_LEVEL = "-Onone";
			};
			name = Debug;
		};
		451540742043ADB500809098 /* Release */ = {
			isa = XCBuildConfiguration;
			buildSettings = {
				ALWAYS_SEARCH_USER_PATHS = NO;
				CLANG_ANALYZER_NONNULL = YES;
				CLANG_ANALYZER_NUMBER_OBJECT_CONVERSION = YES_AGGRESSIVE;
				CLANG_CXX_LANGUAGE_STANDARD = "gnu++14";
				CLANG_CXX_LIBRARY = "libc++";
				CLANG_ENABLE_MODULES = YES;
				CLANG_ENABLE_OBJC_ARC = YES;
				CLANG_WARN_BLOCK_CAPTURE_AUTORELEASING = YES;
				CLANG_WARN_BOOL_CONVERSION = YES;
				CLANG_WARN_COMMA = YES;
				CLANG_WARN_CONSTANT_CONVERSION = YES;
				CLANG_WARN_DIRECT_OBJC_ISA_USAGE = YES_ERROR;
				CLANG_WARN_DOCUMENTATION_COMMENTS = YES;
				CLANG_WARN_EMPTY_BODY = YES;
				CLANG_WARN_ENUM_CONVERSION = YES;
				CLANG_WARN_INFINITE_RECURSION = YES;
				CLANG_WARN_INT_CONVERSION = YES;
				CLANG_WARN_NON_LITERAL_NULL_CONVERSION = YES;
				CLANG_WARN_OBJC_LITERAL_CONVERSION = YES;
				CLANG_WARN_OBJC_ROOT_CLASS = YES_ERROR;
				CLANG_WARN_RANGE_LOOP_ANALYSIS = YES;
				CLANG_WARN_STRICT_PROTOTYPES = YES;
				CLANG_WARN_SUSPICIOUS_MOVE = YES;
				CLANG_WARN_UNGUARDED_AVAILABILITY = YES_AGGRESSIVE;
				CLANG_WARN_UNREACHABLE_CODE = YES;
				CLANG_WARN__DUPLICATE_METHOD_MATCH = YES;
				CODE_SIGN_IDENTITY = "iPhone Developer";
				COPY_PHASE_STRIP = NO;
				DEBUG_INFORMATION_FORMAT = "dwarf-with-dsym";
				ENABLE_NS_ASSERTIONS = NO;
				ENABLE_STRICT_OBJC_MSGSEND = YES;
				GCC_C_LANGUAGE_STANDARD = gnu11;
				GCC_NO_COMMON_BLOCKS = YES;
				GCC_WARN_64_TO_32_BIT_CONVERSION = YES;
				GCC_WARN_ABOUT_RETURN_TYPE = YES_ERROR;
				GCC_WARN_UNDECLARED_SELECTOR = YES;
				GCC_WARN_UNINITIALIZED_AUTOS = YES_AGGRESSIVE;
				GCC_WARN_UNUSED_FUNCTION = YES;
				GCC_WARN_UNUSED_VARIABLE = YES;
				IPHONEOS_DEPLOYMENT_TARGET = 11.2;
				MTL_ENABLE_DEBUG_INFO = NO;
				SDKROOT = iphoneos;
				SWIFT_OPTIMIZATION_LEVEL = "-Owholemodule";
				VALIDATE_PRODUCT = YES;
			};
			name = Release;
		};
		451540762043ADB500809098 /* Debug */ = {
			isa = XCBuildConfiguration;
			buildSettings = {
				ASSETCATALOG_COMPILER_APPICON_NAME = AppIcon;
				CODE_SIGN_STYLE = Automatic;
				INFOPLIST_FILE = Lab4_1.0/Info.plist;
				LD_RUNPATH_SEARCH_PATHS = "$(inherited) @executable_path/Frameworks";
				PRODUCT_BUNDLE_IDENTIFIER = "maitri.Lab4-1-0";
				PRODUCT_NAME = "$(TARGET_NAME)";
				SWIFT_VERSION = 4.0;
				TARGETED_DEVICE_FAMILY = "1,2";
			};
			name = Debug;
		};
		451540772043ADB500809098 /* Release */ = {
			isa = XCBuildConfiguration;
			buildSettings = {
				ASSETCATALOG_COMPILER_APPICON_NAME = AppIcon;
				CODE_SIGN_STYLE = Automatic;
				INFOPLIST_FILE = Lab4_1.0/Info.plist;
				LD_RUNPATH_SEARCH_PATHS = "$(inherited) @executable_path/Frameworks";
				PRODUCT_BUNDLE_IDENTIFIER = "maitri.Lab4-1-0";
				PRODUCT_NAME = "$(TARGET_NAME)";
				SWIFT_VERSION = 4.0;
				TARGETED_DEVICE_FAMILY = "1,2";
			};
			name = Release;
		};
/* End XCBuildConfiguration section */

/* Begin XCConfigurationList section */
		4515405C2043ADB500809098 /* Build configuration list for PBXProject "Lab4_1.0" */ = {
			isa = XCConfigurationList;
			buildConfigurations = (
				451540732043ADB500809098 /* Debug */,
				451540742043ADB500809098 /* Release */,
			);
			defaultConfigurationIsVisible = 0;
			defaultConfigurationName = Release;
		};
		451540752043ADB500809098 /* Build configuration list for PBXNativeTarget "Lab4_1.0" */ = {
			isa = XCConfigurationList;
			buildConfigurations = (
				451540762043ADB500809098 /* Debug */,
				451540772043ADB500809098 /* Release */,
			);
			defaultConfigurationIsVisible = 0;
			defaultConfigurationName = Release;
		};
/* End XCConfigurationList section */
	};
	rootObject = 451540592043ADB500809098 /* Project object */;
}
